// !$*UTF8*$!
{
	archiveVersion = 1;
	classes = {
	};
	objectVersion = 48;
	objects = {

/* Begin PBXBuildFile section */
		5D80A58D1FDA2FC20095491A /* AppDelegate.swift in Sources */ = {isa = PBXBuildFile; fileRef = 5D80A58C1FDA2FC20095491A /* AppDelegate.swift */; };
		5D80A58F1FDA2FC20095491A /* ViewController.swift in Sources */ = {isa = PBXBuildFile; fileRef = 5D80A58E1FDA2FC20095491A /* ViewController.swift */; };
		5D80A5921FDA2FC20095491A /* Main.storyboard in Resources */ = {isa = PBXBuildFile; fileRef = 5D80A5901FDA2FC20095491A /* Main.storyboard */; };
		5D80A5941FDA2FC20095491A /* Assets.xcassets in Resources */ = {isa = PBXBuildFile; fileRef = 5D80A5931FDA2FC20095491A /* Assets.xcassets */; };
		5D80A5971FDA2FC20095491A /* LaunchScreen.storyboard in Resources */ = {isa = PBXBuildFile; fileRef = 5D80A5951FDA2FC20095491A /* LaunchScreen.storyboard */; };
		5D80A59F1FDA2FE30095491A /* IQiYiPlayButton.swift in Sources */ = {isa = PBXBuildFile; fileRef = 5D80A59E1FDA2FE30095491A /* IQiYiPlayButton.swift */; };
/* End PBXBuildFile section */

/* Begin PBXFileReference section */
		5D80A5891FDA2FC20095491A /* IQiYiPlayButton_Swift.app */ = {isa = PBXFileReference; explicitFileType = wrapper.application; includeInIndex = 0; path = IQiYiPlayButton_Swift.app; sourceTree = BUILT_PRODUCTS_DIR; };
		5D80A58C1FDA2FC20095491A /* AppDelegate.swift */ = {isa = PBXFileReference; lastKnownFileType = sourcecode.swift; path = AppDelegate.swift; sourceTree = "<group>"; };
		5D80A58E1FDA2FC20095491A /* ViewController.swift */ = {isa = PBXFileReference; lastKnownFileType = sourcecode.swift; path = ViewController.swift; sourceTree = "<group>"; };
		5D80A5911FDA2FC20095491A /* Base */ = {isa = PBXFileReference; lastKnownFileType = file.storyboard; name = Base; path = Base.lproj/Main.storyboard; sourceTree = "<group>"; };
		5D80A5931FDA2FC20095491A /* Assets.xcassets */ = {isa = PBXFileReference; lastKnownFileType = folder.assetcatalog; path = Assets.xcassets; sourceTree = "<group>"; };
		5D80A5961FDA2FC20095491A /* Base */ = {isa = PBXFileReference; lastKnownFileType = file.storyboard; name = Base; path = Base.lproj/LaunchScreen.storyboard; sourceTree = "<group>"; };
		5D80A5981FDA2FC20095491A /* Info.plist */ = {isa = PBXFileReference; lastKnownFileType = text.plist.xml; path = Info.plist; sourceTree = "<group>"; };
		5D80A59E1FDA2FE30095491A /* IQiYiPlayButton.swift */ = {isa = PBXFileReference; lastKnownFileType = sourcecode.swift; path = IQiYiPlayButton.swift; sourceTree = "<group>"; };
/* End PBXFileReference section */

/* Begin PBXFrameworksBuildPhase section */
		5D80A5861FDA2FC20095491A /* Frameworks */ = {
			isa = PBXFrameworksBuildPhase;
			buildActionMask = 2147483647;
			files = (
			);
			runOnlyForDeploymentPostprocessing = 0;
		};
/* End PBXFrameworksBuildPhase section */

/* Begin PBXGroup section */
		5D80A5801FDA2FC20095491A = {
			isa = PBXGroup;
			children = (
				5D80A58B1FDA2FC20095491A /* IQiYiPlayButton_Swift */,
				5D80A58A1FDA2FC20095491A /* Products */,
			);
			sourceTree = "<group>";
		};
		5D80A58A1FDA2FC20095491A /* Products */ = {
			isa = PBXGroup;
			children = (
				5D80A5891FDA2FC20095491A /* IQiYiPlayButton_Swift.app */,
			);
			name = Products;
			sourceTree = "<group>";
		};
		5D80A58B1FDA2FC20095491A /* IQiYiPlayButton_Swift */ = {
			isa = PBXGroup;
			children = (
				5D80A58C1FDA2FC20095491A /* AppDelegate.swift */,
				5D80A58E1FDA2FC20095491A /* ViewController.swift */,
				5D80A59E1FDA2FE30095491A /* IQiYiPlayButton.swift */,
				5D80A5901FDA2FC20095491A /* Main.storyboard */,
				5D80A5931FDA2FC20095491A /* Assets.xcassets */,
				5D80A5951FDA2FC20095491A /* LaunchScreen.storyboard */,
				5D80A5981FDA2FC20095491A /* Info.plist */,
			);
			path = IQiYiPlayButton_Swift;
			sourceTree = "<group>";
		};
/* End PBXGroup section */

/* Begin PBXNativeTarget section */
		5D80A5881FDA2FC20095491A /* IQiYiPlayButton_Swift */ = {
			isa = PBXNativeTarget;
			buildConfigurationList = 5D80A59B1FDA2FC20095491A /* Build configuration list for PBXNativeTarget "IQiYiPlayButton_Swift" */;
			buildPhases = (
				5D80A5851FDA2FC20095491A /* Sources */,
				5D80A5861FDA2FC20095491A /* Frameworks */,
				5D80A5871FDA2FC20095491A /* Resources */,
			);
			buildRules = (
			);
			dependencies = (
			);
			name = IQiYiPlayButton_Swift;
			productName = IQiYiPlayButton_Swift;
			productReference = 5D80A5891FDA2FC20095491A /* IQiYiPlayButton_Swift.app */;
			productType = "com.apple.product-type.application";
		};
/* End PBXNativeTarget section */

/* Begin PBXProject section */
		5D80A5811FDA2FC20095491A /* Project object */ = {
			isa = PBXProject;
			attributes = {
				LastSwiftUpdateCheck = 0920;
				LastUpgradeCheck = 0920;
				ORGANIZATIONNAME = zhangxing;
				TargetAttributes = {
					5D80A5881FDA2FC20095491A = {
						CreatedOnToolsVersion = 9.2;
						ProvisioningStyle = Automatic;
					};
				};
			};
			buildConfigurationList = 5D80A5841FDA2FC20095491A /* Build configuration list for PBXProject "IQiYiPlayButton_Swift" */;
			compatibilityVersion = "Xcode 8.0";
			developmentRegion = en;
			hasScannedForEncodings = 0;
			knownRegions = (
				en,
				Base,
			);
			mainGroup = 5D80A5801FDA2FC20095491A;
			productRefGroup = 5D80A58A1FDA2FC20095491A /* Products */;
			projectDirPath = "";
			projectRoot = "";
			targets = (
				5D80A5881FDA2FC20095491A /* IQiYiPlayButton_Swift */,
			);
		};
/* End PBXProject section */

/* Begin PBXResourcesBuildPhase section */
		5D80A5871FDA2FC20095491A /* Resources */ = {
			isa = PBXResourcesBuildPhase;
			buildActionMask = 2147483647;
			files = (
				5D80A5971FDA2FC20095491A /* LaunchScreen.storyboard in Resources */,
				5D80A5941FDA2FC20095491A /* Assets.xcassets in Resources */,
				5D80A5921FDA2FC20095491A /* Main.storyboard in Resources */,
			);
			runOnlyForDeploymentPostprocessing = 0;
		};
/* End PBXResourcesBuildPhase section */

/* Begin PBXSourcesBuildPhase section */
		5D80A5851FDA2FC20095491A /* Sources */ = {
			isa = PBXSourcesBuildPhase;
			buildActionMask = 2147483647;
			files = (
				5D80A59F1FDA2FE30095491A /* IQiYiPlayButton.swift in Sources */,
				5D80A58F1FDA2FC20095491A /* ViewController.swift in Sources */,
				5D80A58D1FDA2FC20095491A /* AppDelegate.swift in Sources */,
			);
			runOnlyForDeploymentPostprocessing = 0;
		};
/* End PBXSourcesBuildPhase section */

/* Begin PBXVariantGroup section */
		5D80A5901FDA2FC20095491A /* Main.storyboard */ = {
			isa = PBXVariantGroup;
			children = (
				5D80A5911FDA2FC20095491A /* Base */,
			);
			name = Main.storyboard;
			sourceTree = "<group>";
		};
		5D80A5951FDA2FC20095491A /* LaunchScreen.storyboard */ = {
			isa = PBXVariantGroup;
			children = (
				5D80A5961FDA2FC20095491A /* Base */,
			);
			name = LaunchScreen.storyboard;
			sourceTree = "<group>";
		};
/* End PBXVariantGroup section */

/* Begin XCBuildConfiguration section */
		5D80A5991FDA2FC20095491A /* Debug */ = {
			isa = XCBuildConfiguration;
			buildSettings = {
				ALWAYS_SEARCH_USER_PATHS = NO;
				CLANG_ANALYZER_NONNULL = YES;
				CLANG_ANALYZER_NUMBER_OBJECT_CONVERSION = YES_AGGRESSIVE;
				CLANG_CXX_LANGUAGE_STANDARD = "gnu++14";
				CLANG_CXX_LIBRARY = "libc++";
				CLANG_ENABLE_MODULES = YES;
				CLANG_ENABLE_OBJC_ARC = YES;
				CLANG_WARN_BLOCK_CAPTURE_AUTORELEASING = YES;
				CLANG_WARN_BOOL_CONVERSION = YES;
				CLANG_WARN_COMMA = YES;
				CLANG_WARN_CONSTANT_CONVERSION = YES;
				CLANG_WARN_DIRECT_OBJC_ISA_USAGE = YES_ERROR;
				CLANG_WARN_DOCUMENTATION_COMMENTS = YES;
				CLANG_WARN_EMPTY_BODY = YES;
				CLANG_WARN_ENUM_CONVERSION = YES;
				CLANG_WARN_INFINITE_RECURSION = YES;
				CLANG_WARN_INT_CONVERSION = YES;
				CLANG_WARN_NON_LITERAL_NULL_CONVERSION = YES;
				CLANG_WARN_OBJC_LITERAL_CONVERSION = YES;
				CLANG_WARN_OBJC_ROOT_CLASS = YES_ERROR;
				CLANG_WARN_RANGE_LOOP_ANALYSIS = YES;
				CLANG_WARN_STRICT_PROTOTYPES = YES;
				CLANG_WARN_SUSPICIOUS_MOVE = YES;
				CLANG_WARN_UNGUARDED_AVAILABILITY = YES_AGGRESSIVE;
				CLANG_WARN_UNREACHABLE_CODE = YES;
				CLANG_WARN__DUPLICATE_METHOD_MATCH = YES;
				CODE_SIGN_IDENTITY = "iPhone Developer";
				COPY_PHASE_STRIP = NO;
				DEBUG_INFORMATION_FORMAT = dwarf;
				ENABLE_STRICT_OBJC_MSGSEND = YES;
				ENABLE_TESTABILITY = YES;
				GCC_C_LANGUAGE_STANDARD = gnu11;
				GCC_DYNAMIC_NO_PIC = NO;
				GCC_NO_COMMON_BLOCKS = YES;
				GCC_OPTIMIZATION_LEVEL = 0;
				GCC_PREPROCESSOR_DEFINITIONS = (
					"DEBUG=1",
					"$(inherited)",
				);
				GCC_WARN_64_TO_32_BIT_CONVERSION = YES;
				GCC_WARN_ABOUT_RETURN_TYPE = YES_ERROR;
				GCC_WARN_UNDECLARED_SELECTOR = YES;
				GCC_WARN_UNINITIALIZED_AUTOS = YES_AGGRESSIVE;
				GCC_WARN_UNUSED_FUNCTION = YES;
				GCC_WARN_UNUSED_VARIABLE = YES;
				IPHONEOS_DEPLOYMENT_TARGET = 11.2;
				MTL_ENABLE_DEBUG_INFO = YES;
				ONLY_ACTIVE_ARCH = YES;
				SDKROOT = iphoneos;
				SWIFT_ACTIVE_COMPILATION_CONDITIONS = DEBUG;
				SWIFT_OPTIMIZATION_LEVEL = "-Onone";
			};
			name = Debug;
		};
		5D80A59A1FDA2FC20095491A /* Release */ = {
			isa = XCBuildConfiguration;
			buildSettings = {
				ALWAYS_SEARCH_USER_PATHS = NO;
				CLANG_ANALYZER_NONNULL = YES;
				CLANG_ANALYZER_NUMBER_OBJECT_CONVERSION = YES_AGGRESSIVE;
				CLANG_CXX_LANGUAGE_STANDARD = "gnu++14";
				CLANG_CXX_LIBRARY = "libc++";
				CLANG_ENABLE_MODULES = YES;
				CLANG_ENABLE_OBJC_ARC = YES;
				CLANG_WARN_BLOCK_CAPTURE_AUTORELEASING = YES;
				CLANG_WARN_BOOL_CONVERSION = YES;
				CLANG_WARN_COMMA = YES;
				CLANG_WARN_CONSTANT_CONVERSION = YES;
				CLANG_WARN_DIRECT_OBJC_ISA_USAGE = YES_ERROR;
				CLANG_WARN_DOCUMENTATION_COMMENTS = YES;
				CLANG_WARN_EMPTY_BODY = YES;
				CLANG_WARN_ENUM_CONVERSION = YES;
				CLANG_WARN_INFINITE_RECURSION = YES;
				CLANG_WARN_INT_CONVERSION = YES;
				CLANG_WARN_NON_LITERAL_NULL_CONVERSION = YES;
				CLANG_WARN_OBJC_LITERAL_CONVERSION = YES;
				CLANG_WARN_OBJC_ROOT_CLASS = YES_ERROR;
				CLANG_WARN_RANGE_LOOP_ANALYSIS = YES;
				CLANG_WARN_STRICT_PROTOTYPES = YES;
				CLANG_WARN_SUSPICIOUS_MOVE = YES;
				CLANG_WARN_UNGUARDED_AVAILABILITY = YES_AGGRESSIVE;
				CLANG_WARN_UNREACHABLE_CODE = YES;
				CLANG_WARN__DUPLICATE_METHOD_MATCH = YES;
				CODE_SIGN_IDENTITY = "iPhone Developer";
				COPY_PHASE_STRIP = NO;
				DEBUG_INFORMATION_FORMAT = "dwarf-with-dsym";
				ENABLE_NS_ASSERTIONS = NO;
				ENABLE_STRICT_OBJC_MSGSEND = YES;
				GCC_C_LANGUAGE_STANDARD = gnu11;
				GCC_NO_COMMON_BLOCKS = YES;
				GCC_WARN_64_TO_32_BIT_CONVERSION = YES;
				GCC_WARN_ABOUT_RETURN_TYPE = YES_ERROR;
				GCC_WARN_UNDECLARED_SELECTOR = YES;
				GCC_WARN_UNINITIALIZED_AUTOS = YES_AGGRESSIVE;
				GCC_WARN_UNUSED_FUNCTION = YES;
				GCC_WARN_UNUSED_VARIABLE = YES;
				IPHONEOS_DEPLOYMENT_TARGET = 11.2;
				MTL_ENABLE_DEBUG_INFO = NO;
				SDKROOT = iphoneos;
				SWIFT_OPTIMIZATION_LEVEL = "-Owholemodule";
				VALIDATE_PRODUCT = YES;
			};
			name = Release;
		};
		5D80A59C1FDA2FC20095491A /* Debug */ = {
			isa = XCBuildConfiguration;
			buildSettings = {
				ASSETCATALOG_COMPILER_APPICON_NAME = AppIcon;
				CODE_SIGN_STYLE = Automatic;
				INFOPLIST_FILE = IQiYiPlayButton_Swift/Info.plist;
				LD_RUNPATH_SEARCH_PATHS = "$(inherited) @executable_path/Frameworks";
				PRODUCT_BUNDLE_IDENTIFIER = "com.zhangxing.IQiYiPlayButton-Swift";
				PRODUCT_NAME = "$(TARGET_NAME)";
				SWIFT_VERSION = 4.0;
				TARGETED_DEVICE_FAMILY = "1,2";
			};
			name = Debug;
		};
		5D80A59D1FDA2FC20095491A /* Release */ = {
			isa = XCBuildConfiguration;
			buildSettings = {
				ASSETCATALOG_COMPILER_APPICON_NAME = AppIcon;
				CODE_SIGN_STYLE = Automatic;
				INFOPLIST_FILE = IQiYiPlayButton_Swift/Info.plist;
				LD_RUNPATH_SEARCH_PATHS = "$(inherited) @executable_path/Frameworks";
				PRODUCT_BUNDLE_IDENTIFIER = "com.zhangxing.IQiYiPlayButton-Swift";
				PRODUCT_NAME = "$(TARGET_NAME)";
				SWIFT_VERSION = 4.0;
				TARGETED_DEVICE_FAMILY = "1,2";
			};
			name = Release;
		};
/* End XCBuildConfiguration section */

/* Begin XCConfigurationList section */
		5D80A5841FDA2FC20095491A /* Build configuration list for PBXProject "IQiYiPlayButton_Swift" */ = {
			isa = XCConfigurationList;
			buildConfigurations = (
				5D80A5991FDA2FC20095491A /* Debug */,
				5D80A59A1FDA2FC20095491A /* Release */,
			);
			defaultConfigurationIsVisible = 0;
			defaultConfigurationName = Release;
		};
		5D80A59B1FDA2FC20095491A /* Build configuration list for PBXNativeTarget "IQiYiPlayButton_Swift" */ = {
			isa = XCConfigurationList;
			buildConfigurations = (
				5D80A59C1FDA2FC20095491A /* Debug */,
				5D80A59D1FDA2FC20095491A /* Release */,
			);
			defaultConfigurationIsVisible = 0;
			defaultConfigurationName = Release;
		};
/* End XCConfigurationList section */
	};
	rootObject = 5D80A5811FDA2FC20095491A /* Project object */;
}
